<?xml version="1.0" encoding="utf-8"?>
<Project ToolsVersion="4.0" xmlns="http://schemas.microsoft.com/developer/msbuild/2003">
  <ItemGroup>
    <Filter Include="Fichiers sources">
      <UniqueIdentifier>{4FC737F1-C7A5-4376-A066-2A32D752A2FF}</UniqueIdentifier>
      <Extensions>cpp;c;cc;cxx;c++;cppm;ixx;def;odl;idl;hpj;bat;asm;asmx</Extensions>
    </Filter>
    <Filter Include="Fichiers d%27en-tête">
      <UniqueIdentifier>{93995380-89BD-4b04-88EB-625FBE52EBFB}</UniqueIdentifier>
      <Extensions>h;hh;hpp;hxx;h++;hm;inl;inc;ipp;xsd</Extensions>
    </Filter>
    <Filter Include="Fichiers de ressources">
      <UniqueIdentifier>{67DA6AB6-F800-4c08-8B7A-83BB121AAD01}</UniqueIdentifier>
      <Extensions>rc;ico;cur;bmp;dlg;rc2;rct;bin;rgs;gif;jpg;jpeg;jpe;resx;tiff;tif;png;wav;mfcribbon-ms</Extensions>
    </Filter>
    <Filter Include="Fichiers sources\Window">
      <UniqueIdentifier>{1e1d3131-a905-4678-a7d0-8d607015f042}</UniqueIdentifier>
    </Filter>
    <Filter Include="Fichiers d%27en-tête\Window">
      <UniqueIdentifier>{8b884b76-8de9-4d73-97ae-4b3c7515dbc9}</UniqueIdentifier>
    </Filter>
    <Filter Include="Fichiers sources\Character">
      <UniqueIdentifier>{09660470-b375-4e20-a3e5-58bc39670f6a}</UniqueIdentifier>
    </Filter>
    <Filter Include="Fichiers d%27en-tête\Character">
      <UniqueIdentifier>{7721b96f-fe3b-4c79-9d68-44abdf60887b}</UniqueIdentifier>
    </Filter>
    <Filter Include="Fichiers sources\Character\Player">
      <UniqueIdentifier>{ffba98fa-f3e4-4bdf-9756-a32dc91be093}</UniqueIdentifier>
    </Filter>
    <Filter Include="Fichiers d%27en-tête\Character\Player">
      <UniqueIdentifier>{95630f49-1080-477c-9c73-6bc5cc373cf1}</UniqueIdentifier>
    </Filter>
    <Filter Include="Fichiers sources\Character\Enemy">
      <UniqueIdentifier>{2232398f-0573-4f0b-872b-691090c8f52a}</UniqueIdentifier>
    </Filter>
    <Filter Include="Fichiers d%27en-tête\Character\Enemy">
      <UniqueIdentifier>{3baabb8f-eb68-456c-9131-1132811eecee}</UniqueIdentifier>
    </Filter>
  </ItemGroup>
  <ItemGroup>
    <ClCompile Include="Main.cpp">
      <Filter>Fichiers sources</Filter>
    </ClCompile>
    <ClCompile Include="MyWindow.cpp">
      <Filter>Fichiers sources\Window</Filter>
    </ClCompile>
    <ClCompile Include="Character.cpp">
      <Filter>Fichiers sources\Character</Filter>
    </ClCompile>
    <ClCompile Include="Player.cpp">
      <Filter>Fichiers sources\Character\Player</Filter>
    </ClCompile>
    <ClCompile Include="Enemy.cpp">
      <Filter>Fichiers sources\Character\Enemy</Filter>
    </ClCompile>
  </ItemGroup>
  <ItemGroup>
    <ClInclude Include="MyWindow.h">
      <Filter>Fichiers d%27en-tête\Window</Filter>
    </ClInclude>
    <ClInclude Include="Character.h">
      <Filter>Fichiers d%27en-tête\Character</Filter>
    </ClInclude>
    <ClInclude Include="Player.h">
      <Filter>Fichiers d%27en-tête\Character\Player</Filter>
    </ClInclude>
    <ClInclude Include="Enemy.h">
      <Filter>Fichiers d%27en-tête\Character\Enemy</Filter>
    </ClInclude>
  </ItemGroup>
</Project>